
Microsoft Visual Studio Solution File, Format Version 12.00
# Visual Studio Version 17
VisualStudioVersion = 17.7.34003.232
MinimumVisualStudioVersion = 10.0.40219.1
Project("{FAE04EC0-301F-11D3-BF4B-00C04F79EFBC}") = "DocPortal", "DocPortal\DocPortal.csproj", "{8F3DC502-B89F-4B56-825F-C7CD9F6223AB}"
EndProject
Project("{FAE04EC0-301F-11D3-BF4B-00C04F79EFBC}") = "BLL", "BLL\BLL.csproj", "{93A6B706-089B-4534-A324-118AEE981F4A}"
EndProject
Project("{FAE04EC0-301F-11D3-BF4B-00C04F79EFBC}") = "DAL", "DAL\DAL.csproj", "{0F4485E4-F1E6-4620-B3E2-D7446E9787A2}"
EndProject
Global
	GlobalSection(SolutionConfigurationPlatforms) = preSolution
		Debug|Any CPU = Debug|Any CPU
		Release|Any CPU = Release|Any CPU
	EndGlobalSection
	GlobalSection(ProjectConfigurationPlatforms) = postSolution
		{8F3DC502-B89F-4B56-825F-C7CD9F6223AB}.Debug|Any CPU.ActiveCfg = Debug|Any CPU
		{8F3DC502-B89F-4B56-825F-C7CD9F6223AB}.Debug|Any CPU.Build.0 = Debug|Any CPU
		{8F3DC502-B89F-4B56-825F-C7CD9F6223AB}.Release|Any CPU.ActiveCfg = Release|Any CPU
		{8F3DC502-B89F-4B56-825F-C7CD9F6223AB}.Release|Any CPU.Build.0 = Release|Any CPU
		{93A6B706-089B-4534-A324-118AEE981F4A}.Debug|Any CPU.ActiveCfg = Debug|Any CPU
		{93A6B706-089B-4534-A324-118AEE981F4A}.Debug|Any CPU.Build.0 = Debug|Any CPU
		{93A6B706-089B-4534-A324-118AEE981F4A}.Release|Any CPU.ActiveCfg = Release|Any CPU
		{93A6B706-089B-4534-A324-118AEE981F4A}.Release|Any CPU.Build.0 = Release|Any CPU
		{0F4485E4-F1E6-4620-B3E2-D7446E9787A2}.Debug|Any CPU.ActiveCfg = Debug|Any CPU
		{0F4485E4-F1E6-4620-B3E2-D7446E9787A2}.Debug|Any CPU.Build.0 = Debug|Any CPU
		{0F4485E4-F1E6-4620-B3E2-D7446E9787A2}.Release|Any CPU.ActiveCfg = Release|Any CPU
		{0F4485E4-F1E6-4620-B3E2-D7446E9787A2}.Release|Any CPU.Build.0 = Release|Any CPU
	EndGlobalSection
	GlobalSection(SolutionProperties) = preSolution
		HideSolutionNode = FALSE
	EndGlobalSection
	GlobalSection(ExtensibilityGlobals) = postSolution
		SolutionGuid = {20A1630F-1691-4EEE-886B-60FD1FE33326}
	EndGlobalSection
EndGlobal
